schema: '2.0'
stages:
  data_ingestion:
    cmd: python vc-pipeline-emotion-detection/data/data_ingestion.py
    deps:
    - path: vc-pipeline-emotion-detection/data/data_ingestion.py
      hash: md5
      md5: 674f295dddb830348a9422fea0176953
      size: 4296
    params:
      params.yaml:
        data_ingestion.test_size: 0.1
    outs:
    - path: data/raw
      hash: md5
      md5: cd2bbed1323a43114f8e474a6d36fecb.dir
      size: 817597
      nfiles: 2
  data_preprocessing:
    cmd: python vc-pipeline-emotion-detection/data/data_preprocessing.py
    deps:
    - path: data/raw
      hash: md5
      md5: cd2bbed1323a43114f8e474a6d36fecb.dir
      size: 817597
      nfiles: 2
    - path: vc-pipeline-emotion-detection/data/data_preprocessing.py
      hash: md5
      md5: 7cebadbecb611bd209fc9e889a9a85d7
      size: 3917
    outs:
    - path: data/interim
      hash: md5
      md5: 4755e4f6315ecfa4cd8a362f6d7d0666.dir
      size: 611762
      nfiles: 2
  feature_engineering:
    cmd: python vc-pipeline-emotion-detection/features/feature_engineering.py
    deps:
    - path: data/interim
      hash: md5
      md5: 4755e4f6315ecfa4cd8a362f6d7d0666.dir
      size: 611762
      nfiles: 2
    - path: vc-pipeline-emotion-detection/features/feature_engineering.py
      hash: md5
      md5: a696375594c741a9151aaad78f8f9010
      size: 1370
    params:
      params.yaml:
        feature_engineering.max_features: 50
    outs:
    - path: data/processed
      hash: md5
      md5: bc7748b72bfab385c49ade10ca77c454.dir
      size: 1108092
      nfiles: 2
  model_building:
    cmd: python vc-pipeline-emotion-detection/model/model_building.py
    deps:
    - path: data/processed
      hash: md5
      md5: bc7748b72bfab385c49ade10ca77c454.dir
      size: 1108092
      nfiles: 2
    - path: vc-pipeline-emotion-detection/model/model_building.py
      hash: md5
      md5: 881f6de01e13ee3a510b76fdc6a7d73b
      size: 750
    params:
      params.yaml:
        model_building.learning_rate: 0.1
        model_building.n_estimators: 100
    outs:
    - path: models
      hash: md5
      md5: c5172d9b4105385a4a9b6364a188fe85.dir
      size: 135179
      nfiles: 1
  model_evaluation:
    cmd: python vc-pipeline-emotion-detection/model/model_evaluation.py
    deps:
    - path: models
      hash: md5
      md5: c5172d9b4105385a4a9b6364a188fe85.dir
      size: 135179
      nfiles: 1
    - path: vc-pipeline-emotion-detection/model/model_evaluation.py
      hash: md5
      md5: 8f74c263a03d61775de250f5490967f8
      size: 936
    outs:
    - path: metrics.json
      hash: md5
      md5: afd453d1408db7a1f83caa0412a64172
      size: 140
